dependencies:
  espressif/tinyusb:
    dependencies: []
    source:
      path: /satassd/01_FW/99_test_code/07-usbd_phy_cts/usb_hs_phy_cts/components/espressif__tinyusb
      type: local
    version: 0.18.0~1
  idf:
    source:
      type: idf
    version: 5.5.0
direct_dependencies:
- espressif/tinyusb
- idf
manifest_hash: 802d9a0f3087d132851e780be4e2536868dc318904998d7e31a15d979847eeb4
target: esp32p4
version: 2.0.0
